
Microsoft Visual Studio Solution File, Format Version 12.00
# Visual Studio 15
VisualStudioVersion = 15.0.27703.2047
MinimumVisualStudioVersion = 10.0.40219.1
Project("{FAE04EC0-301F-11D3-BF4B-00C04F79EFBC}") = "MilitaryUnit", "MilitaryUnit\MilitaryUnit.csproj", "{5021ED00-33FB-424B-954D-AAB37A418EB5}"
EndProject
Project("{FAE04EC0-301F-11D3-BF4B-00C04F79EFBC}") = "WeaponSystems", "WeaponSystems\WeaponSystems.csproj", "{2B62E50A-B83F-4185-AA76-0FA817C09518}"
EndProject
Global
	GlobalSection(SolutionConfigurationPlatforms) = preSolution
		Debug|Any CPU = Debug|Any CPU
		Release|Any CPU = Release|Any CPU
	EndGlobalSection
	GlobalSection(ProjectConfigurationPlatforms) = postSolution
		{5021ED00-33FB-424B-954D-AAB37A418EB5}.Debug|Any CPU.ActiveCfg = Debug|Any CPU
		{5021ED00-33FB-424B-954D-AAB37A418EB5}.Debug|Any CPU.Build.0 = Debug|Any CPU
		{5021ED00-33FB-424B-954D-AAB37A418EB5}.Release|Any CPU.ActiveCfg = Release|Any CPU
		{5021ED00-33FB-424B-954D-AAB37A418EB5}.Release|Any CPU.Build.0 = Release|Any CPU
		{2B62E50A-B83F-4185-AA76-0FA817C09518}.Debug|Any CPU.ActiveCfg = Debug|Any CPU
		{2B62E50A-B83F-4185-AA76-0FA817C09518}.Debug|Any CPU.Build.0 = Debug|Any CPU
		{2B62E50A-B83F-4185-AA76-0FA817C09518}.Release|Any CPU.ActiveCfg = Release|Any CPU
		{2B62E50A-B83F-4185-AA76-0FA817C09518}.Release|Any CPU.Build.0 = Release|Any CPU
	EndGlobalSection
	GlobalSection(SolutionProperties) = preSolution
		HideSolutionNode = FALSE
	EndGlobalSection
	GlobalSection(ExtensibilityGlobals) = postSolution
		SolutionGuid = {9D2194DE-07F8-44FD-A35E-8C13503D63B3}
	EndGlobalSection
EndGlobal
